// !$*UTF8*$!
{
	archiveVersion = 1;
	classes = {
	};
	objectVersion = 50;
	objects = {

/* Begin PBXBuildFile section */
		D2CF83D1242502A100B31D1D /* AppDelegate.swift in Sources */ = {isa = PBXBuildFile; fileRef = D2CF83D0242502A100B31D1D /* AppDelegate.swift */; };
		D2CF83D3242502A100B31D1D /* SceneDelegate.swift in Sources */ = {isa = PBXBuildFile; fileRef = D2CF83D2242502A100B31D1D /* SceneDelegate.swift */; };
		D2CF83D8242502A100B31D1D /* Main.storyboard in Resources */ = {isa = PBXBuildFile; fileRef = D2CF83D6242502A100B31D1D /* Main.storyboard */; };
		D2CF83DA242502A100B31D1D /* Assets.xcassets in Resources */ = {isa = PBXBuildFile; fileRef = D2CF83D9242502A100B31D1D /* Assets.xcassets */; };
		D2CF83DD242502A100B31D1D /* LaunchScreen.storyboard in Resources */ = {isa = PBXBuildFile; fileRef = D2CF83DB242502A100B31D1D /* LaunchScreen.storyboard */; };
		D2CF83E8242502A200B31D1D /* iTunesPlayerTests.swift in Sources */ = {isa = PBXBuildFile; fileRef = D2CF83E7242502A200B31D1D /* iTunesPlayerTests.swift */; };
		D2CF83F92425050300B31D1D /* AppCoordinator.swift in Sources */ = {isa = PBXBuildFile; fileRef = D2CF83F82425050300B31D1D /* AppCoordinator.swift */; };
		D2CF83FB2425051400B31D1D /* Coordinator.swift in Sources */ = {isa = PBXBuildFile; fileRef = D2CF83FA2425051400B31D1D /* Coordinator.swift */; };
		D2CF83FD242505AB00B31D1D /* SearchAndPlayMusicCoordinator.swift in Sources */ = {isa = PBXBuildFile; fileRef = D2CF83FC242505AB00B31D1D /* SearchAndPlayMusicCoordinator.swift */; };
		D2CF840024250B9C00B31D1D /* MusicListViewController.swift in Sources */ = {isa = PBXBuildFile; fileRef = D2CF83FE24250B9C00B31D1D /* MusicListViewController.swift */; };
		D2CF840124250B9C00B31D1D /* MusicListViewController.xib in Resources */ = {isa = PBXBuildFile; fileRef = D2CF83FF24250B9C00B31D1D /* MusicListViewController.xib */; };
		D2CF840424250C4A00B31D1D /* BaseView.swift in Sources */ = {isa = PBXBuildFile; fileRef = D2CF840324250C4900B31D1D /* BaseView.swift */; };
		D2CF840624250C7B00B31D1D /* ViewModel.swift in Sources */ = {isa = PBXBuildFile; fileRef = D2CF840524250C7B00B31D1D /* ViewModel.swift */; };
		D2CF840824250D4700B31D1D /* Datasource.swift in Sources */ = {isa = PBXBuildFile; fileRef = D2CF840724250D4700B31D1D /* Datasource.swift */; };
		D2CF840B24250D9F00B31D1D /* NSObject.swift in Sources */ = {isa = PBXBuildFile; fileRef = D2CF840A24250D9F00B31D1D /* NSObject.swift */; };
		D2CF840D2425104A00B31D1D /* MusicListViewModel.swift in Sources */ = {isa = PBXBuildFile; fileRef = D2CF840C2425104A00B31D1D /* MusicListViewModel.swift */; };
		D2CF840F2425114D00B31D1D /* NetworkClient.swift in Sources */ = {isa = PBXBuildFile; fileRef = D2CF840E2425114D00B31D1D /* NetworkClient.swift */; };
		D2CF84112425116E00B31D1D /* iTunesSearchNetworkClient.swift in Sources */ = {isa = PBXBuildFile; fileRef = D2CF84102425116E00B31D1D /* iTunesSearchNetworkClient.swift */; };
		D2CF8414242511C600B31D1D /* MusicDatasource.swift in Sources */ = {isa = PBXBuildFile; fileRef = D2CF8413242511C600B31D1D /* MusicDatasource.swift */; };
/* End PBXBuildFile section */

/* Begin PBXContainerItemProxy section */
		D2CF83E4242502A200B31D1D /* PBXContainerItemProxy */ = {
			isa = PBXContainerItemProxy;
			containerPortal = D2CF83C5242502A100B31D1D /* Project object */;
			proxyType = 1;
			remoteGlobalIDString = D2CF83CC242502A100B31D1D;
			remoteInfo = iTunesPlayer;
		};
/* End PBXContainerItemProxy section */

/* Begin PBXFileReference section */
		D2CF83CD242502A100B31D1D /* iTunesPlayer.app */ = {isa = PBXFileReference; explicitFileType = wrapper.application; includeInIndex = 0; path = iTunesPlayer.app; sourceTree = BUILT_PRODUCTS_DIR; };
		D2CF83D0242502A100B31D1D /* AppDelegate.swift */ = {isa = PBXFileReference; lastKnownFileType = sourcecode.swift; path = AppDelegate.swift; sourceTree = "<group>"; };
		D2CF83D2242502A100B31D1D /* SceneDelegate.swift */ = {isa = PBXFileReference; lastKnownFileType = sourcecode.swift; path = SceneDelegate.swift; sourceTree = "<group>"; };
		D2CF83D7242502A100B31D1D /* Base */ = {isa = PBXFileReference; lastKnownFileType = file.storyboard; name = Base; path = Base.lproj/Main.storyboard; sourceTree = "<group>"; };
		D2CF83D9242502A100B31D1D /* Assets.xcassets */ = {isa = PBXFileReference; lastKnownFileType = folder.assetcatalog; path = Assets.xcassets; sourceTree = "<group>"; };
		D2CF83DC242502A100B31D1D /* Base */ = {isa = PBXFileReference; lastKnownFileType = file.storyboard; name = Base; path = Base.lproj/LaunchScreen.storyboard; sourceTree = "<group>"; };
		D2CF83DE242502A100B31D1D /* Info.plist */ = {isa = PBXFileReference; lastKnownFileType = text.plist.xml; path = Info.plist; sourceTree = "<group>"; };
		D2CF83E3242502A200B31D1D /* iTunesPlayerTests.xctest */ = {isa = PBXFileReference; explicitFileType = wrapper.cfbundle; includeInIndex = 0; path = iTunesPlayerTests.xctest; sourceTree = BUILT_PRODUCTS_DIR; };
		D2CF83E7242502A200B31D1D /* iTunesPlayerTests.swift */ = {isa = PBXFileReference; lastKnownFileType = sourcecode.swift; path = iTunesPlayerTests.swift; sourceTree = "<group>"; };
		D2CF83E9242502A200B31D1D /* Info.plist */ = {isa = PBXFileReference; lastKnownFileType = text.plist.xml; path = Info.plist; sourceTree = "<group>"; };
		D2CF83F82425050300B31D1D /* AppCoordinator.swift */ = {isa = PBXFileReference; lastKnownFileType = sourcecode.swift; path = AppCoordinator.swift; sourceTree = "<group>"; };
		D2CF83FA2425051400B31D1D /* Coordinator.swift */ = {isa = PBXFileReference; lastKnownFileType = sourcecode.swift; path = Coordinator.swift; sourceTree = "<group>"; };
		D2CF83FC242505AB00B31D1D /* SearchAndPlayMusicCoordinator.swift */ = {isa = PBXFileReference; lastKnownFileType = sourcecode.swift; path = SearchAndPlayMusicCoordinator.swift; sourceTree = "<group>"; };
		D2CF83FE24250B9C00B31D1D /* MusicListViewController.swift */ = {isa = PBXFileReference; lastKnownFileType = sourcecode.swift; path = MusicListViewController.swift; sourceTree = "<group>"; };
		D2CF83FF24250B9C00B31D1D /* MusicListViewController.xib */ = {isa = PBXFileReference; lastKnownFileType = file.xib; path = MusicListViewController.xib; sourceTree = "<group>"; };
		D2CF840324250C4900B31D1D /* BaseView.swift */ = {isa = PBXFileReference; lastKnownFileType = sourcecode.swift; path = BaseView.swift; sourceTree = "<group>"; };
		D2CF840524250C7B00B31D1D /* ViewModel.swift */ = {isa = PBXFileReference; lastKnownFileType = sourcecode.swift; path = ViewModel.swift; sourceTree = "<group>"; };
		D2CF840724250D4700B31D1D /* Datasource.swift */ = {isa = PBXFileReference; lastKnownFileType = sourcecode.swift; path = Datasource.swift; sourceTree = "<group>"; };
		D2CF840A24250D9F00B31D1D /* NSObject.swift */ = {isa = PBXFileReference; lastKnownFileType = sourcecode.swift; path = NSObject.swift; sourceTree = "<group>"; };
		D2CF840C2425104A00B31D1D /* MusicListViewModel.swift */ = {isa = PBXFileReference; lastKnownFileType = sourcecode.swift; path = MusicListViewModel.swift; sourceTree = "<group>"; };
		D2CF840E2425114D00B31D1D /* NetworkClient.swift */ = {isa = PBXFileReference; lastKnownFileType = sourcecode.swift; path = NetworkClient.swift; sourceTree = "<group>"; };
		D2CF84102425116E00B31D1D /* iTunesSearchNetworkClient.swift */ = {isa = PBXFileReference; lastKnownFileType = sourcecode.swift; path = iTunesSearchNetworkClient.swift; sourceTree = "<group>"; };
		D2CF8413242511C600B31D1D /* MusicDatasource.swift */ = {isa = PBXFileReference; lastKnownFileType = sourcecode.swift; path = MusicDatasource.swift; sourceTree = "<group>"; };
/* End PBXFileReference section */

/* Begin PBXFrameworksBuildPhase section */
		D2CF83CA242502A100B31D1D /* Frameworks */ = {
			isa = PBXFrameworksBuildPhase;
			buildActionMask = 2147483647;
			files = (
			);
			runOnlyForDeploymentPostprocessing = 0;
		};
		D2CF83E0242502A200B31D1D /* Frameworks */ = {
			isa = PBXFrameworksBuildPhase;
			buildActionMask = 2147483647;
			files = (
			);
			runOnlyForDeploymentPostprocessing = 0;
		};
/* End PBXFrameworksBuildPhase section */

/* Begin PBXGroup section */
		D2CF83C4242502A100B31D1D = {
			isa = PBXGroup;
			children = (
				D2CF83CF242502A100B31D1D /* iTunesPlayer */,
				D2CF83E6242502A200B31D1D /* iTunesPlayerTests */,
				D2CF83CE242502A100B31D1D /* Products */,
			);
			sourceTree = "<group>";
		};
		D2CF83CE242502A100B31D1D /* Products */ = {
			isa = PBXGroup;
			children = (
				D2CF83CD242502A100B31D1D /* iTunesPlayer.app */,
				D2CF83E3242502A200B31D1D /* iTunesPlayerTests.xctest */,
			);
			name = Products;
			sourceTree = "<group>";
		};
		D2CF83CF242502A100B31D1D /* iTunesPlayer */ = {
			isa = PBXGroup;
			children = (
				D2CF840924250D8900B31D1D /* Extensions */,
				D2CF83F72425040400B31D1D /* Utility */,
				D2CF83F6242503F800B31D1D /* Coordinators */,
				D2CF83F5242503E500B31D1D /* Network */,
				D2CF83F4242503DB00B31D1D /* Datasource */,
				D2CF83F3242503D500B31D1D /* ViewModels */,
				D2CF83F22425033D00B31D1D /* ViewControllers */,
				D2CF83D0242502A100B31D1D /* AppDelegate.swift */,
				D2CF83D2242502A100B31D1D /* SceneDelegate.swift */,
				D2CF83D6242502A100B31D1D /* Main.storyboard */,
				D2CF83D9242502A100B31D1D /* Assets.xcassets */,
				D2CF83DB242502A100B31D1D /* LaunchScreen.storyboard */,
				D2CF83DE242502A100B31D1D /* Info.plist */,
			);
			path = iTunesPlayer;
			sourceTree = "<group>";
		};
		D2CF83E6242502A200B31D1D /* iTunesPlayerTests */ = {
			isa = PBXGroup;
			children = (
				D2CF83E7242502A200B31D1D /* iTunesPlayerTests.swift */,
				D2CF83E9242502A200B31D1D /* Info.plist */,
			);
			path = iTunesPlayerTests;
			sourceTree = "<group>";
		};
		D2CF83F22425033D00B31D1D /* ViewControllers */ = {
			isa = PBXGroup;
			children = (
				D2CF840224250C0D00B31D1D /* MusicListViewController */,
				D2CF840324250C4900B31D1D /* BaseView.swift */,
			);
			path = ViewControllers;
			sourceTree = "<group>";
		};
		D2CF83F3242503D500B31D1D /* ViewModels */ = {
			isa = PBXGroup;
			children = (
				D2CF840524250C7B00B31D1D /* ViewModel.swift */,
				D2CF840C2425104A00B31D1D /* MusicListViewModel.swift */,
			);
			path = ViewModels;
			sourceTree = "<group>";
		};
		D2CF83F4242503DB00B31D1D /* Datasource */ = {
			isa = PBXGroup;
			children = (
				D2CF840724250D4700B31D1D /* Datasource.swift */,
				D2CF8413242511C600B31D1D /* MusicDatasource.swift */,
			);
			path = Datasource;
			sourceTree = "<group>";
		};
		D2CF83F5242503E500B31D1D /* Network */ = {
			isa = PBXGroup;
			children = (
				D2CF840E2425114D00B31D1D /* NetworkClient.swift */,
				D2CF84102425116E00B31D1D /* iTunesSearchNetworkClient.swift */,
			);
			path = Network;
			sourceTree = "<group>";
		};
		D2CF83F6242503F800B31D1D /* Coordinators */ = {
			isa = PBXGroup;
			children = (
				D2CF83F82425050300B31D1D /* AppCoordinator.swift */,
				D2CF83FA2425051400B31D1D /* Coordinator.swift */,
				D2CF83FC242505AB00B31D1D /* SearchAndPlayMusicCoordinator.swift */,
			);
			path = Coordinators;
			sourceTree = "<group>";
		};
		D2CF83F72425040400B31D1D /* Utility */ = {
			isa = PBXGroup;
			children = (
			);
			path = Utility;
			sourceTree = "<group>";
		};
		D2CF840224250C0D00B31D1D /* MusicListViewController */ = {
			isa = PBXGroup;
			children = (
				D2CF83FF24250B9C00B31D1D /* MusicListViewController.xib */,
				D2CF83FE24250B9C00B31D1D /* MusicListViewController.swift */,
			);
			path = MusicListViewController;
			sourceTree = "<group>";
		};
		D2CF840924250D8900B31D1D /* Extensions */ = {
			isa = PBXGroup;
			children = (
				D2CF840A24250D9F00B31D1D /* NSObject.swift */,
			);
			path = Extensions;
			sourceTree = "<group>";
		};
/* End PBXGroup section */

/* Begin PBXNativeTarget section */
		D2CF83CC242502A100B31D1D /* iTunesPlayer */ = {
			isa = PBXNativeTarget;
			buildConfigurationList = D2CF83EC242502A200B31D1D /* Build configuration list for PBXNativeTarget "iTunesPlayer" */;
			buildPhases = (
				D2CF83C9242502A100B31D1D /* Sources */,
				D2CF83CA242502A100B31D1D /* Frameworks */,
				D2CF83CB242502A100B31D1D /* Resources */,
			);
			buildRules = (
			);
			dependencies = (
			);
			name = iTunesPlayer;
			productName = iTunesPlayer;
			productReference = D2CF83CD242502A100B31D1D /* iTunesPlayer.app */;
			productType = "com.apple.product-type.application";
		};
		D2CF83E2242502A200B31D1D /* iTunesPlayerTests */ = {
			isa = PBXNativeTarget;
			buildConfigurationList = D2CF83EF242502A200B31D1D /* Build configuration list for PBXNativeTarget "iTunesPlayerTests" */;
			buildPhases = (
				D2CF83DF242502A200B31D1D /* Sources */,
				D2CF83E0242502A200B31D1D /* Frameworks */,
				D2CF83E1242502A200B31D1D /* Resources */,
			);
			buildRules = (
			);
			dependencies = (
				D2CF83E5242502A200B31D1D /* PBXTargetDependency */,
			);
			name = iTunesPlayerTests;
			productName = iTunesPlayerTests;
			productReference = D2CF83E3242502A200B31D1D /* iTunesPlayerTests.xctest */;
			productType = "com.apple.product-type.bundle.unit-test";
		};
/* End PBXNativeTarget section */

/* Begin PBXProject section */
		D2CF83C5242502A100B31D1D /* Project object */ = {
			isa = PBXProject;
			attributes = {
				LastSwiftUpdateCheck = 1130;
				LastUpgradeCheck = 1130;
				ORGANIZATIONNAME = "Ferdinando Furci";
				TargetAttributes = {
					D2CF83CC242502A100B31D1D = {
						CreatedOnToolsVersion = 11.3.1;
					};
					D2CF83E2242502A200B31D1D = {
						CreatedOnToolsVersion = 11.3.1;
						TestTargetID = D2CF83CC242502A100B31D1D;
					};
				};
			};
			buildConfigurationList = D2CF83C8242502A100B31D1D /* Build configuration list for PBXProject "iTunesPlayer" */;
			compatibilityVersion = "Xcode 9.3";
			developmentRegion = en;
			hasScannedForEncodings = 0;
			knownRegions = (
				en,
				Base,
			);
			mainGroup = D2CF83C4242502A100B31D1D;
			productRefGroup = D2CF83CE242502A100B31D1D /* Products */;
			projectDirPath = "";
			projectRoot = "";
			targets = (
				D2CF83CC242502A100B31D1D /* iTunesPlayer */,
				D2CF83E2242502A200B31D1D /* iTunesPlayerTests */,
			);
		};
/* End PBXProject section */

/* Begin PBXResourcesBuildPhase section */
		D2CF83CB242502A100B31D1D /* Resources */ = {
			isa = PBXResourcesBuildPhase;
			buildActionMask = 2147483647;
			files = (
				D2CF840124250B9C00B31D1D /* MusicListViewController.xib in Resources */,
				D2CF83DD242502A100B31D1D /* LaunchScreen.storyboard in Resources */,
				D2CF83DA242502A100B31D1D /* Assets.xcassets in Resources */,
				D2CF83D8242502A100B31D1D /* Main.storyboard in Resources */,
			);
			runOnlyForDeploymentPostprocessing = 0;
		};
		D2CF83E1242502A200B31D1D /* Resources */ = {
			isa = PBXResourcesBuildPhase;
			buildActionMask = 2147483647;
			files = (
			);
			runOnlyForDeploymentPostprocessing = 0;
		};
/* End PBXResourcesBuildPhase section */

/* Begin PBXSourcesBuildPhase section */
		D2CF83C9242502A100B31D1D /* Sources */ = {
			isa = PBXSourcesBuildPhase;
			buildActionMask = 2147483647;
			files = (
				D2CF83FD242505AB00B31D1D /* SearchAndPlayMusicCoordinator.swift in Sources */,
				D2CF840B24250D9F00B31D1D /* NSObject.swift in Sources */,
				D2CF840624250C7B00B31D1D /* ViewModel.swift in Sources */,
				D2CF840824250D4700B31D1D /* Datasource.swift in Sources */,
				D2CF840D2425104A00B31D1D /* MusicListViewModel.swift in Sources */,
				D2CF83F92425050300B31D1D /* AppCoordinator.swift in Sources */,
				D2CF83FB2425051400B31D1D /* Coordinator.swift in Sources */,
				D2CF83D1242502A100B31D1D /* AppDelegate.swift in Sources */,
				D2CF8414242511C600B31D1D /* MusicDatasource.swift in Sources */,
				D2CF83D3242502A100B31D1D /* SceneDelegate.swift in Sources */,
				D2CF840024250B9C00B31D1D /* MusicListViewController.swift in Sources */,
				D2CF840424250C4A00B31D1D /* BaseView.swift in Sources */,
				D2CF84112425116E00B31D1D /* iTunesSearchNetworkClient.swift in Sources */,
				D2CF840F2425114D00B31D1D /* NetworkClient.swift in Sources */,
			);
			runOnlyForDeploymentPostprocessing = 0;
		};
		D2CF83DF242502A200B31D1D /* Sources */ = {
			isa = PBXSourcesBuildPhase;
			buildActionMask = 2147483647;
			files = (
				D2CF83E8242502A200B31D1D /* iTunesPlayerTests.swift in Sources */,
			);
			runOnlyForDeploymentPostprocessing = 0;
		};
/* End PBXSourcesBuildPhase section */

/* Begin PBXTargetDependency section */
		D2CF83E5242502A200B31D1D /* PBXTargetDependency */ = {
			isa = PBXTargetDependency;
			target = D2CF83CC242502A100B31D1D /* iTunesPlayer */;
			targetProxy = D2CF83E4242502A200B31D1D /* PBXContainerItemProxy */;
		};
/* End PBXTargetDependency section */

/* Begin PBXVariantGroup section */
		D2CF83D6242502A100B31D1D /* Main.storyboard */ = {
			isa = PBXVariantGroup;
			children = (
				D2CF83D7242502A100B31D1D /* Base */,
			);
			name = Main.storyboard;
			sourceTree = "<group>";
		};
		D2CF83DB242502A100B31D1D /* LaunchScreen.storyboard */ = {
			isa = PBXVariantGroup;
			children = (
				D2CF83DC242502A100B31D1D /* Base */,
			);
			name = LaunchScreen.storyboard;
			sourceTree = "<group>";
		};
/* End PBXVariantGroup section */

/* Begin XCBuildConfiguration section */
		D2CF83EA242502A200B31D1D /* Debug */ = {
			isa = XCBuildConfiguration;
			buildSettings = {
				ALWAYS_SEARCH_USER_PATHS = NO;
				CLANG_ANALYZER_NONNULL = YES;
				CLANG_ANALYZER_NUMBER_OBJECT_CONVERSION = YES_AGGRESSIVE;
				CLANG_CXX_LANGUAGE_STANDARD = "gnu++14";
				CLANG_CXX_LIBRARY = "libc++";
				CLANG_ENABLE_MODULES = YES;
				CLANG_ENABLE_OBJC_ARC = YES;
				CLANG_ENABLE_OBJC_WEAK = YES;
				CLANG_WARN_BLOCK_CAPTURE_AUTORELEASING = YES;
				CLANG_WARN_BOOL_CONVERSION = YES;
				CLANG_WARN_COMMA = YES;
				CLANG_WARN_CONSTANT_CONVERSION = YES;
				CLANG_WARN_DEPRECATED_OBJC_IMPLEMENTATIONS = YES;
				CLANG_WARN_DIRECT_OBJC_ISA_USAGE = YES_ERROR;
				CLANG_WARN_DOCUMENTATION_COMMENTS = YES;
				CLANG_WARN_EMPTY_BODY = YES;
				CLANG_WARN_ENUM_CONVERSION = YES;
				CLANG_WARN_INFINITE_RECURSION = YES;
				CLANG_WARN_INT_CONVERSION = YES;
				CLANG_WARN_NON_LITERAL_NULL_CONVERSION = YES;
				CLANG_WARN_OBJC_IMPLICIT_RETAIN_SELF = YES;
				CLANG_WARN_OBJC_LITERAL_CONVERSION = YES;
				CLANG_WARN_OBJC_ROOT_CLASS = YES_ERROR;
				CLANG_WARN_RANGE_LOOP_ANALYSIS = YES;
				CLANG_WARN_STRICT_PROTOTYPES = YES;
				CLANG_WARN_SUSPICIOUS_MOVE = YES;
				CLANG_WARN_UNGUARDED_AVAILABILITY = YES_AGGRESSIVE;
				CLANG_WARN_UNREACHABLE_CODE = YES;
				CLANG_WARN__DUPLICATE_METHOD_MATCH = YES;
				COPY_PHASE_STRIP = NO;
				DEBUG_INFORMATION_FORMAT = dwarf;
				ENABLE_STRICT_OBJC_MSGSEND = YES;
				ENABLE_TESTABILITY = YES;
				GCC_C_LANGUAGE_STANDARD = gnu11;
				GCC_DYNAMIC_NO_PIC = NO;
				GCC_NO_COMMON_BLOCKS = YES;
				GCC_OPTIMIZATION_LEVEL = 0;
				GCC_PREPROCESSOR_DEFINITIONS = (
					"DEBUG=1",
					"$(inherited)",
				);
				GCC_WARN_64_TO_32_BIT_CONVERSION = YES;
				GCC_WARN_ABOUT_RETURN_TYPE = YES_ERROR;
				GCC_WARN_UNDECLARED_SELECTOR = YES;
				GCC_WARN_UNINITIALIZED_AUTOS = YES_AGGRESSIVE;
				GCC_WARN_UNUSED_FUNCTION = YES;
				GCC_WARN_UNUSED_VARIABLE = YES;
				IPHONEOS_DEPLOYMENT_TARGET = 13.2;
				MTL_ENABLE_DEBUG_INFO = INCLUDE_SOURCE;
				MTL_FAST_MATH = YES;
				ONLY_ACTIVE_ARCH = YES;
				SDKROOT = iphoneos;
				SWIFT_ACTIVE_COMPILATION_CONDITIONS = DEBUG;
				SWIFT_OPTIMIZATION_LEVEL = "-Onone";
			};
			name = Debug;
		};
		D2CF83EB242502A200B31D1D /* Release */ = {
			isa = XCBuildConfiguration;
			buildSettings = {
				ALWAYS_SEARCH_USER_PATHS = NO;
				CLANG_ANALYZER_NONNULL = YES;
				CLANG_ANALYZER_NUMBER_OBJECT_CONVERSION = YES_AGGRESSIVE;
				CLANG_CXX_LANGUAGE_STANDARD = "gnu++14";
				CLANG_CXX_LIBRARY = "libc++";
				CLANG_ENABLE_MODULES = YES;
				CLANG_ENABLE_OBJC_ARC = YES;
				CLANG_ENABLE_OBJC_WEAK = YES;
				CLANG_WARN_BLOCK_CAPTURE_AUTORELEASING = YES;
				CLANG_WARN_BOOL_CONVERSION = YES;
				CLANG_WARN_COMMA = YES;
				CLANG_WARN_CONSTANT_CONVERSION = YES;
				CLANG_WARN_DEPRECATED_OBJC_IMPLEMENTATIONS = YES;
				CLANG_WARN_DIRECT_OBJC_ISA_USAGE = YES_ERROR;
				CLANG_WARN_DOCUMENTATION_COMMENTS = YES;
				CLANG_WARN_EMPTY_BODY = YES;
				CLANG_WARN_ENUM_CONVERSION = YES;
				CLANG_WARN_INFINITE_RECURSION = YES;
				CLANG_WARN_INT_CONVERSION = YES;
				CLANG_WARN_NON_LITERAL_NULL_CONVERSION = YES;
				CLANG_WARN_OBJC_IMPLICIT_RETAIN_SELF = YES;
				CLANG_WARN_OBJC_LITERAL_CONVERSION = YES;
				CLANG_WARN_OBJC_ROOT_CLASS = YES_ERROR;
				CLANG_WARN_RANGE_LOOP_ANALYSIS = YES;
				CLANG_WARN_STRICT_PROTOTYPES = YES;
				CLANG_WARN_SUSPICIOUS_MOVE = YES;
				CLANG_WARN_UNGUARDED_AVAILABILITY = YES_AGGRESSIVE;
				CLANG_WARN_UNREACHABLE_CODE = YES;
				CLANG_WARN__DUPLICATE_METHOD_MATCH = YES;
				COPY_PHASE_STRIP = NO;
				DEBUG_INFORMATION_FORMAT = "dwarf-with-dsym";
				ENABLE_NS_ASSERTIONS = NO;
				ENABLE_STRICT_OBJC_MSGSEND = YES;
				GCC_C_LANGUAGE_STANDARD = gnu11;
				GCC_NO_COMMON_BLOCKS = YES;
				GCC_WARN_64_TO_32_BIT_CONVERSION = YES;
				GCC_WARN_ABOUT_RETURN_TYPE = YES_ERROR;
				GCC_WARN_UNDECLARED_SELECTOR = YES;
				GCC_WARN_UNINITIALIZED_AUTOS = YES_AGGRESSIVE;
				GCC_WARN_UNUSED_FUNCTION = YES;
				GCC_WARN_UNUSED_VARIABLE = YES;
				IPHONEOS_DEPLOYMENT_TARGET = 13.2;
				MTL_ENABLE_DEBUG_INFO = NO;
				MTL_FAST_MATH = YES;
				SDKROOT = iphoneos;
				SWIFT_COMPILATION_MODE = wholemodule;
				SWIFT_OPTIMIZATION_LEVEL = "-O";
				VALIDATE_PRODUCT = YES;
			};
			name = Release;
		};
		D2CF83ED242502A200B31D1D /* Debug */ = {
			isa = XCBuildConfiguration;
			buildSettings = {
				ASSETCATALOG_COMPILER_APPICON_NAME = AppIcon;
				CODE_SIGN_STYLE = Automatic;
				DEVELOPMENT_TEAM = GM52W4CC3U;
				INFOPLIST_FILE = iTunesPlayer/Info.plist;
				LD_RUNPATH_SEARCH_PATHS = (
					"$(inherited)",
					"@executable_path/Frameworks",
				);
				PRODUCT_BUNDLE_IDENTIFIER = "Ferdinando-Furci.iTunesPlayer";
				PRODUCT_NAME = "$(TARGET_NAME)";
				SWIFT_VERSION = 5.0;
				TARGETED_DEVICE_FAMILY = "1,2";
			};
			name = Debug;
		};
		D2CF83EE242502A200B31D1D /* Release */ = {
			isa = XCBuildConfiguration;
			buildSettings = {
				ASSETCATALOG_COMPILER_APPICON_NAME = AppIcon;
				CODE_SIGN_STYLE = Automatic;
				DEVELOPMENT_TEAM = GM52W4CC3U;
				INFOPLIST_FILE = iTunesPlayer/Info.plist;
				LD_RUNPATH_SEARCH_PATHS = (
					"$(inherited)",
					"@executable_path/Frameworks",
				);
				PRODUCT_BUNDLE_IDENTIFIER = "Ferdinando-Furci.iTunesPlayer";
				PRODUCT_NAME = "$(TARGET_NAME)";
				SWIFT_VERSION = 5.0;
				TARGETED_DEVICE_FAMILY = "1,2";
			};
			name = Release;
		};
		D2CF83F0242502A200B31D1D /* Debug */ = {
			isa = XCBuildConfiguration;
			buildSettings = {
				ALWAYS_EMBED_SWIFT_STANDARD_LIBRARIES = YES;
				BUNDLE_LOADER = "$(TEST_HOST)";
				CODE_SIGN_STYLE = Automatic;
				DEVELOPMENT_TEAM = GM52W4CC3U;
				INFOPLIST_FILE = iTunesPlayerTests/Info.plist;
				IPHONEOS_DEPLOYMENT_TARGET = 13.2;
				LD_RUNPATH_SEARCH_PATHS = (
					"$(inherited)",
					"@executable_path/Frameworks",
					"@loader_path/Frameworks",
				);
				PRODUCT_BUNDLE_IDENTIFIER = "Ferdinando-Furci.iTunesPlayerTests";
				PRODUCT_NAME = "$(TARGET_NAME)";
				SWIFT_VERSION = 5.0;
				TARGETED_DEVICE_FAMILY = "1,2";
				TEST_HOST = "$(BUILT_PRODUCTS_DIR)/iTunesPlayer.app/iTunesPlayer";
			};
			name = Debug;
		};
		D2CF83F1242502A200B31D1D /* Release */ = {
			isa = XCBuildConfiguration;
			buildSettings = {
				ALWAYS_EMBED_SWIFT_STANDARD_LIBRARIES = YES;
				BUNDLE_LOADER = "$(TEST_HOST)";
				CODE_SIGN_STYLE = Automatic;
				DEVELOPMENT_TEAM = GM52W4CC3U;
				INFOPLIST_FILE = iTunesPlayerTests/Info.plist;
				IPHONEOS_DEPLOYMENT_TARGET = 13.2;
				LD_RUNPATH_SEARCH_PATHS = (
					"$(inherited)",
					"@executable_path/Frameworks",
					"@loader_path/Frameworks",
				);
				PRODUCT_BUNDLE_IDENTIFIER = "Ferdinando-Furci.iTunesPlayerTests";
				PRODUCT_NAME = "$(TARGET_NAME)";
				SWIFT_VERSION = 5.0;
				TARGETED_DEVICE_FAMILY = "1,2";
				TEST_HOST = "$(BUILT_PRODUCTS_DIR)/iTunesPlayer.app/iTunesPlayer";
			};
			name = Release;
		};
/* End XCBuildConfiguration section */

/* Begin XCConfigurationList section */
		D2CF83C8242502A100B31D1D /* Build configuration list for PBXProject "iTunesPlayer" */ = {
			isa = XCConfigurationList;
			buildConfigurations = (
				D2CF83EA242502A200B31D1D /* Debug */,
				D2CF83EB242502A200B31D1D /* Release */,
			);
			defaultConfigurationIsVisible = 0;
			defaultConfigurationName = Release;
		};
		D2CF83EC242502A200B31D1D /* Build configuration list for PBXNativeTarget "iTunesPlayer" */ = {
			isa = XCConfigurationList;
			buildConfigurations = (
				D2CF83ED242502A200B31D1D /* Debug */,
				D2CF83EE242502A200B31D1D /* Release */,
			);
			defaultConfigurationIsVisible = 0;
			defaultConfigurationName = Release;
		};
		D2CF83EF242502A200B31D1D /* Build configuration list for PBXNativeTarget "iTunesPlayerTests" */ = {
			isa = XCConfigurationList;
			buildConfigurations = (
				D2CF83F0242502A200B31D1D /* Debug */,
				D2CF83F1242502A200B31D1D /* Release */,
			);
			defaultConfigurationIsVisible = 0;
			defaultConfigurationName = Release;
		};
/* End XCConfigurationList section */
	};
	rootObject = D2CF83C5242502A100B31D1D /* Project object */;
}
